
Microsoft Visual Studio Solution File, Format Version 11.00
# Visual Studio 2010
Project("{FAE04EC0-301F-11D3-BF4B-00C04F79EFBC}") = "HomeWebApp", "HomeWebApp\HomeWebApp.csproj", "{84BFD4B7-AF78-456F-9703-43FA615A10F9}"
EndProject
Project("{FAE04EC0-301F-11D3-BF4B-00C04F79EFBC}") = "ResizeUtility", "ResizeUtility\ResizeUtility.csproj", "{F45829EF-B5D3-4DE5-AD54-90E770C47829}"
EndProject
Project("{FAE04EC0-301F-11D3-BF4B-00C04F79EFBC}") = "HomeAppsLib", "HomeAppsLib\HomeAppsLib.csproj", "{C390A8FE-9F0E-4692-8345-C216F14CDBE2}"
EndProject
Project("{FAE04EC0-301F-11D3-BF4B-00C04F79EFBC}") = "DailyEngine", "DailyEngine\DailyEngine.csproj", "{5C9EAB19-B2D4-4BA5-AAC7-4EB7BA5154A0}"
EndProject
Project("{FAE04EC0-301F-11D3-BF4B-00C04F79EFBC}") = "GiftMatch", "GiftMatch\GiftMatch.csproj", "{F6FE1D3F-87DB-4A2C-B259-A707CA0A9167}"
EndProject
Project("{FAE04EC0-301F-11D3-BF4B-00C04F79EFBC}") = "BatchService", "BatchService\BatchService\BatchService.csproj", "{96533966-B016-4D86-B9CF-7DD65EF9D423}"
EndProject
Global
	GlobalSection(SolutionConfigurationPlatforms) = preSolution
		Debug|Any CPU = Debug|Any CPU
		Debug|Mixed Platforms = Debug|Mixed Platforms
		Debug|x86 = Debug|x86
		Release|Any CPU = Release|Any CPU
		Release|Mixed Platforms = Release|Mixed Platforms
		Release|x86 = Release|x86
	EndGlobalSection
	GlobalSection(ProjectConfigurationPlatforms) = postSolution
		{84BFD4B7-AF78-456F-9703-43FA615A10F9}.Debug|Any CPU.ActiveCfg = Debug|Any CPU
		{84BFD4B7-AF78-456F-9703-43FA615A10F9}.Debug|Any CPU.Build.0 = Debug|Any CPU
		{84BFD4B7-AF78-456F-9703-43FA615A10F9}.Debug|Mixed Platforms.ActiveCfg = Debug|Any CPU
		{84BFD4B7-AF78-456F-9703-43FA615A10F9}.Debug|Mixed Platforms.Build.0 = Debug|Any CPU
		{84BFD4B7-AF78-456F-9703-43FA615A10F9}.Debug|x86.ActiveCfg = Debug|Any CPU
		{84BFD4B7-AF78-456F-9703-43FA615A10F9}.Release|Any CPU.ActiveCfg = Release|Any CPU
		{84BFD4B7-AF78-456F-9703-43FA615A10F9}.Release|Any CPU.Build.0 = Release|Any CPU
		{84BFD4B7-AF78-456F-9703-43FA615A10F9}.Release|Mixed Platforms.ActiveCfg = Release|Any CPU
		{84BFD4B7-AF78-456F-9703-43FA615A10F9}.Release|Mixed Platforms.Build.0 = Release|Any CPU
		{84BFD4B7-AF78-456F-9703-43FA615A10F9}.Release|x86.ActiveCfg = Release|Any CPU
		{F45829EF-B5D3-4DE5-AD54-90E770C47829}.Debug|Any CPU.ActiveCfg = Debug|x86
		{F45829EF-B5D3-4DE5-AD54-90E770C47829}.Debug|Any CPU.Build.0 = Debug|x86
		{F45829EF-B5D3-4DE5-AD54-90E770C47829}.Debug|Mixed Platforms.ActiveCfg = Debug|x86
		{F45829EF-B5D3-4DE5-AD54-90E770C47829}.Debug|Mixed Platforms.Build.0 = Debug|x86
		{F45829EF-B5D3-4DE5-AD54-90E770C47829}.Debug|x86.ActiveCfg = Debug|x86
		{F45829EF-B5D3-4DE5-AD54-90E770C47829}.Debug|x86.Build.0 = Debug|x86
		{F45829EF-B5D3-4DE5-AD54-90E770C47829}.Release|Any CPU.ActiveCfg = Release|x86
		{F45829EF-B5D3-4DE5-AD54-90E770C47829}.Release|Mixed Platforms.ActiveCfg = Release|x86
		{F45829EF-B5D3-4DE5-AD54-90E770C47829}.Release|Mixed Platforms.Build.0 = Release|x86
		{F45829EF-B5D3-4DE5-AD54-90E770C47829}.Release|x86.ActiveCfg = Release|x86
		{F45829EF-B5D3-4DE5-AD54-90E770C47829}.Release|x86.Build.0 = Release|x86
		{C390A8FE-9F0E-4692-8345-C216F14CDBE2}.Debug|Any CPU.ActiveCfg = Debug|Any CPU
		{C390A8FE-9F0E-4692-8345-C216F14CDBE2}.Debug|Any CPU.Build.0 = Debug|Any CPU
		{C390A8FE-9F0E-4692-8345-C216F14CDBE2}.Debug|Mixed Platforms.ActiveCfg = Debug|Any CPU
		{C390A8FE-9F0E-4692-8345-C216F14CDBE2}.Debug|Mixed Platforms.Build.0 = Debug|Any CPU
		{C390A8FE-9F0E-4692-8345-C216F14CDBE2}.Debug|x86.ActiveCfg = Debug|Any CPU
		{C390A8FE-9F0E-4692-8345-C216F14CDBE2}.Release|Any CPU.ActiveCfg = Release|Any CPU
		{C390A8FE-9F0E-4692-8345-C216F14CDBE2}.Release|Any CPU.Build.0 = Release|Any CPU
		{C390A8FE-9F0E-4692-8345-C216F14CDBE2}.Release|Mixed Platforms.ActiveCfg = Release|Any CPU
		{C390A8FE-9F0E-4692-8345-C216F14CDBE2}.Release|Mixed Platforms.Build.0 = Release|Any CPU
		{C390A8FE-9F0E-4692-8345-C216F14CDBE2}.Release|x86.ActiveCfg = Release|Any CPU
		{5C9EAB19-B2D4-4BA5-AAC7-4EB7BA5154A0}.Debug|Any CPU.ActiveCfg = Debug|x86
		{5C9EAB19-B2D4-4BA5-AAC7-4EB7BA5154A0}.Debug|Any CPU.Build.0 = Debug|x86
		{5C9EAB19-B2D4-4BA5-AAC7-4EB7BA5154A0}.Debug|Mixed Platforms.ActiveCfg = Debug|x86
		{5C9EAB19-B2D4-4BA5-AAC7-4EB7BA5154A0}.Debug|Mixed Platforms.Build.0 = Debug|x86
		{5C9EAB19-B2D4-4BA5-AAC7-4EB7BA5154A0}.Debug|x86.ActiveCfg = Debug|x86
		{5C9EAB19-B2D4-4BA5-AAC7-4EB7BA5154A0}.Debug|x86.Build.0 = Debug|x86
		{5C9EAB19-B2D4-4BA5-AAC7-4EB7BA5154A0}.Release|Any CPU.ActiveCfg = Release|x86
		{5C9EAB19-B2D4-4BA5-AAC7-4EB7BA5154A0}.Release|Mixed Platforms.ActiveCfg = Release|x86
		{5C9EAB19-B2D4-4BA5-AAC7-4EB7BA5154A0}.Release|Mixed Platforms.Build.0 = Release|x86
		{5C9EAB19-B2D4-4BA5-AAC7-4EB7BA5154A0}.Release|x86.ActiveCfg = Release|x86
		{5C9EAB19-B2D4-4BA5-AAC7-4EB7BA5154A0}.Release|x86.Build.0 = Release|x86
		{F6FE1D3F-87DB-4A2C-B259-A707CA0A9167}.Debug|Any CPU.ActiveCfg = Debug|Any CPU
		{F6FE1D3F-87DB-4A2C-B259-A707CA0A9167}.Debug|Any CPU.Build.0 = Debug|Any CPU
		{F6FE1D3F-87DB-4A2C-B259-A707CA0A9167}.Debug|Mixed Platforms.ActiveCfg = Debug|Any CPU
		{F6FE1D3F-87DB-4A2C-B259-A707CA0A9167}.Debug|Mixed Platforms.Build.0 = Debug|Any CPU
		{F6FE1D3F-87DB-4A2C-B259-A707CA0A9167}.Debug|x86.ActiveCfg = Debug|Any CPU
		{F6FE1D3F-87DB-4A2C-B259-A707CA0A9167}.Release|Any CPU.ActiveCfg = Release|Any CPU
		{F6FE1D3F-87DB-4A2C-B259-A707CA0A9167}.Release|Any CPU.Build.0 = Release|Any CPU
		{F6FE1D3F-87DB-4A2C-B259-A707CA0A9167}.Release|Mixed Platforms.ActiveCfg = Release|Any CPU
		{F6FE1D3F-87DB-4A2C-B259-A707CA0A9167}.Release|Mixed Platforms.Build.0 = Release|Any CPU
		{F6FE1D3F-87DB-4A2C-B259-A707CA0A9167}.Release|x86.ActiveCfg = Release|Any CPU
		{96533966-B016-4D86-B9CF-7DD65EF9D423}.Debug|Any CPU.ActiveCfg = Debug|x86
		{96533966-B016-4D86-B9CF-7DD65EF9D423}.Debug|Any CPU.Build.0 = Debug|x86
		{96533966-B016-4D86-B9CF-7DD65EF9D423}.Debug|Mixed Platforms.ActiveCfg = Debug|x86
		{96533966-B016-4D86-B9CF-7DD65EF9D423}.Debug|Mixed Platforms.Build.0 = Debug|x86
		{96533966-B016-4D86-B9CF-7DD65EF9D423}.Debug|x86.ActiveCfg = Debug|x86
		{96533966-B016-4D86-B9CF-7DD65EF9D423}.Debug|x86.Build.0 = Debug|x86
		{96533966-B016-4D86-B9CF-7DD65EF9D423}.Release|Any CPU.ActiveCfg = Release|x86
		{96533966-B016-4D86-B9CF-7DD65EF9D423}.Release|Mixed Platforms.ActiveCfg = Release|x86
		{96533966-B016-4D86-B9CF-7DD65EF9D423}.Release|Mixed Platforms.Build.0 = Release|x86
		{96533966-B016-4D86-B9CF-7DD65EF9D423}.Release|x86.ActiveCfg = Release|x86
		{96533966-B016-4D86-B9CF-7DD65EF9D423}.Release|x86.Build.0 = Release|x86
	EndGlobalSection
	GlobalSection(SolutionProperties) = preSolution
		HideSolutionNode = FALSE
	EndGlobalSection
EndGlobal
